
Microsoft Visual Studio Solution File, Format Version 12.00
# Visual Studio Version 17
VisualStudioVersion = 17.6.33723.286
MinimumVisualStudioVersion = 10.0.40219.1
Project("{9A19103F-16F7-4668-BE54-9A1E7A4F7556}") = "FBT", "FBT.csproj", "{9DEDF118-26BC-4430-8355-C220F7F3637F}"
EndProject
Global
	GlobalSection(SolutionConfigurationPlatforms) = preSolution
		Debug|Any CPU = Debug|Any CPU
		Release|Any CPU = Release|Any CPU
	EndGlobalSection
	GlobalSection(ProjectConfigurationPlatforms) = postSolution
		{9DEDF118-26BC-4430-8355-C220F7F3637F}.Debug|Any CPU.ActiveCfg = Debug|Any CPU
		{9DEDF118-26BC-4430-8355-C220F7F3637F}.Debug|Any CPU.Build.0 = Debug|Any CPU
		{9DEDF118-26BC-4430-8355-C220F7F3637F}.Release|Any CPU.ActiveCfg = Release|Any CPU
		{9DEDF118-26BC-4430-8355-C220F7F3637F}.Release|Any CPU.Build.0 = Release|Any CPU
	EndGlobalSection
	GlobalSection(SolutionProperties) = preSolution
		HideSolutionNode = FALSE
	EndGlobalSection
	GlobalSection(ExtensibilityGlobals) = postSolution
		SolutionGuid = {D45A751A-DBDC-4DD6-8C93-DDB54A583CEC}
	EndGlobalSection
EndGlobal
